<?xml version="1.0" encoding="utf-8"?>
<Project ToolsVersion="4.0" xmlns="http://schemas.microsoft.com/developer/msbuild/2003">
  <ItemGroup>
    <Natvis Include="../utils/natvis/unigine_stl.natvis" />
  </ItemGroup>
  <ItemGroup>
    <ClCompile Include="AppEditorLogic.cpp" />
    <ClCompile Include="AppSystemLogic.cpp" />
    <ClCompile Include="AppWorldLogic.cpp" />
    <ClCompile Include="main.cpp" />
    <ClCompile Include="RmRenderInterface.cpp">
      <Filter>RmlUI</Filter>
    </ClCompile>
    <ClCompile Include="RmSystemInterface.cpp">
      <Filter>RmlUI</Filter>
    </ClCompile>
  </ItemGroup>
  <ItemGroup>
    <ClInclude Include="AppEditorLogic.h" />
    <ClInclude Include="AppSystemLogic.h" />
    <ClInclude Include="AppWorldLogic.h" />
    <ClInclude Include="RmRenderInterface.h">
      <Filter>RmlUI</Filter>
    </ClInclude>
    <ClInclude Include="RmSystemInterface.h">
      <Filter>RmlUI</Filter>
    </ClInclude>
  </ItemGroup>
  <ItemGroup>
    <Filter Include="RmlUI">
      <UniqueIdentifier>{f6be1e6e-deaa-4027-b074-f1aad4a8afd0}</UniqueIdentifier>
    </Filter>
  </ItemGroup>
</Project>